// !$*UTF8*$!
{
	archiveVersion = 1;
	classes = {
	};
	objectVersion = 77;
	objects = {

/* Begin PBXContainerItemProxy section */
		A910392E2CEE2D0D00938B5D /* PBXContainerItemProxy */ = {
			isa = PBXContainerItemProxy;
			containerPortal = A91039152CEE2D0B00938B5D /* Project object */;
			proxyType = 1;
			remoteGlobalIDString = A910391C2CEE2D0B00938B5D;
			remoteInfo = tesitngSUIApp;
		};
		A91039382CEE2D0D00938B5D /* PBXContainerItemProxy */ = {
			isa = PBXContainerItemProxy;
			containerPortal = A91039152CEE2D0B00938B5D /* Project object */;
			proxyType = 1;
			remoteGlobalIDString = A910391C2CEE2D0B00938B5D;
			remoteInfo = tesitngSUIApp;
		};
/* End PBXContainerItemProxy section */

/* Begin PBXFileReference section */
		A910391D2CEE2D0B00938B5D /* tesitngSUIApp.app */ = {isa = PBXFileReference; explicitFileType = wrapper.application; includeInIndex = 0; path = tesitngSUIApp.app; sourceTree = BUILT_PRODUCTS_DIR; };
		A910392D2CEE2D0D00938B5D /* tesitngSUIAppTests.xctest */ = {isa = PBXFileReference; explicitFileType = wrapper.cfbundle; includeInIndex = 0; path = tesitngSUIAppTests.xctest; sourceTree = BUILT_PRODUCTS_DIR; };
		A91039372CEE2D0D00938B5D /* tesitngSUIAppUITests.xctest */ = {isa = PBXFileReference; explicitFileType = wrapper.cfbundle; includeInIndex = 0; path = tesitngSUIAppUITests.xctest; sourceTree = BUILT_PRODUCTS_DIR; };
/* End PBXFileReference section */

/* Begin PBXFileSystemSynchronizedRootGroup section */
		A910391F2CEE2D0B00938B5D /* tesitngSUIApp */ = {
			isa = PBXFileSystemSynchronizedRootGroup;
			path = tesitngSUIApp;
			sourceTree = "<group>";
		};
		A91039302CEE2D0D00938B5D /* tesitngSUIAppTests */ = {
			isa = PBXFileSystemSynchronizedRootGroup;
			path = tesitngSUIAppTests;
			sourceTree = "<group>";
		};
		A910393A2CEE2D0D00938B5D /* tesitngSUIAppUITests */ = {
			isa = PBXFileSystemSynchronizedRootGroup;
			path = tesitngSUIAppUITests;
			sourceTree = "<group>";
		};
/* End PBXFileSystemSynchronizedRootGroup section */

/* Begin PBXFrameworksBuildPhase section */
		A910391A2CEE2D0B00938B5D /* Frameworks */ = {
			isa = PBXFrameworksBuildPhase;
			buildActionMask = 2147483647;
			files = (
			);
			runOnlyForDeploymentPostprocessing = 0;
		};
		A910392A2CEE2D0D00938B5D /* Frameworks */ = {
			isa = PBXFrameworksBuildPhase;
			buildActionMask = 2147483647;
			files = (
			);
			runOnlyForDeploymentPostprocessing = 0;
		};
		A91039342CEE2D0D00938B5D /* Frameworks */ = {
			isa = PBXFrameworksBuildPhase;
			buildActionMask = 2147483647;
			files = (
			);
			runOnlyForDeploymentPostprocessing = 0;
		};
/* End PBXFrameworksBuildPhase section */

/* Begin PBXGroup section */
		A91039142CEE2D0B00938B5D = {
			isa = PBXGroup;
			children = (
				A910391F2CEE2D0B00938B5D /* tesitngSUIApp */,
				A91039302CEE2D0D00938B5D /* tesitngSUIAppTests */,
				A910393A2CEE2D0D00938B5D /* tesitngSUIAppUITests */,
				A910391E2CEE2D0B00938B5D /* Products */,
			);
			sourceTree = "<group>";
		};
		A910391E2CEE2D0B00938B5D /* Products */ = {
			isa = PBXGroup;
			children = (
				A910391D2CEE2D0B00938B5D /* tesitngSUIApp.app */,
				A910392D2CEE2D0D00938B5D /* tesitngSUIAppTests.xctest */,
				A91039372CEE2D0D00938B5D /* tesitngSUIAppUITests.xctest */,
			);
			name = Products;
			sourceTree = "<group>";
		};
/* End PBXGroup section */

/* Begin PBXNativeTarget section */
		A910391C2CEE2D0B00938B5D /* tesitngSUIApp */ = {
			isa = PBXNativeTarget;
			buildConfigurationList = A91039412CEE2D0D00938B5D /* Build configuration list for PBXNativeTarget "tesitngSUIApp" */;
			buildPhases = (
				A91039192CEE2D0B00938B5D /* Sources */,
				A910391A2CEE2D0B00938B5D /* Frameworks */,
				A910391B2CEE2D0B00938B5D /* Resources */,
			);
			buildRules = (
			);
			dependencies = (
			);
			fileSystemSynchronizedGroups = (
				A910391F2CEE2D0B00938B5D /* tesitngSUIApp */,
			);
			name = tesitngSUIApp;
			packageProductDependencies = (
			);
			productName = tesitngSUIApp;
			productReference = A910391D2CEE2D0B00938B5D /* tesitngSUIApp.app */;
			productType = "com.apple.product-type.application";
		};
		A910392C2CEE2D0D00938B5D /* tesitngSUIAppTests */ = {
			isa = PBXNativeTarget;
			buildConfigurationList = A91039442CEE2D0D00938B5D /* Build configuration list for PBXNativeTarget "tesitngSUIAppTests" */;
			buildPhases = (
				A91039292CEE2D0D00938B5D /* Sources */,
				A910392A2CEE2D0D00938B5D /* Frameworks */,
				A910392B2CEE2D0D00938B5D /* Resources */,
			);
			buildRules = (
			);
			dependencies = (
				A910392F2CEE2D0D00938B5D /* PBXTargetDependency */,
			);
			fileSystemSynchronizedGroups = (
				A91039302CEE2D0D00938B5D /* tesitngSUIAppTests */,
			);
			name = tesitngSUIAppTests;
			packageProductDependencies = (
			);
			productName = tesitngSUIAppTests;
			productReference = A910392D2CEE2D0D00938B5D /* tesitngSUIAppTests.xctest */;
			productType = "com.apple.product-type.bundle.unit-test";
		};
		A91039362CEE2D0D00938B5D /* tesitngSUIAppUITests */ = {
			isa = PBXNativeTarget;
			buildConfigurationList = A91039472CEE2D0D00938B5D /* Build configuration list for PBXNativeTarget "tesitngSUIAppUITests" */;
			buildPhases = (
				A91039332CEE2D0D00938B5D /* Sources */,
				A91039342CEE2D0D00938B5D /* Frameworks */,
				A91039352CEE2D0D00938B5D /* Resources */,
			);
			buildRules = (
			);
			dependencies = (
				A91039392CEE2D0D00938B5D /* PBXTargetDependency */,
			);
			fileSystemSynchronizedGroups = (
				A910393A2CEE2D0D00938B5D /* tesitngSUIAppUITests */,
			);
			name = tesitngSUIAppUITests;
			packageProductDependencies = (
			);
			productName = tesitngSUIAppUITests;
			productReference = A91039372CEE2D0D00938B5D /* tesitngSUIAppUITests.xctest */;
			productType = "com.apple.product-type.bundle.ui-testing";
		};
/* End PBXNativeTarget section */

/* Begin PBXProject section */
		A91039152CEE2D0B00938B5D /* Project object */ = {
			isa = PBXProject;
			attributes = {
				BuildIndependentTargetsInParallel = 1;
				LastSwiftUpdateCheck = 1610;
				LastUpgradeCheck = 1610;
				TargetAttributes = {
					A910391C2CEE2D0B00938B5D = {
						CreatedOnToolsVersion = 16.1;
					};
					A910392C2CEE2D0D00938B5D = {
						CreatedOnToolsVersion = 16.1;
						TestTargetID = A910391C2CEE2D0B00938B5D;
					};
					A91039362CEE2D0D00938B5D = {
						CreatedOnToolsVersion = 16.1;
						TestTargetID = A910391C2CEE2D0B00938B5D;
					};
				};
			};
			buildConfigurationList = A91039182CEE2D0B00938B5D /* Build configuration list for PBXProject "tesitngSUIApp" */;
			developmentRegion = en;
			hasScannedForEncodings = 0;
			knownRegions = (
				en,
				Base,
			);
			mainGroup = A91039142CEE2D0B00938B5D;
			minimizedProjectReferenceProxies = 1;
			preferredProjectObjectVersion = 77;
			productRefGroup = A910391E2CEE2D0B00938B5D /* Products */;
			projectDirPath = "";
			projectRoot = "";
			targets = (
				A910391C2CEE2D0B00938B5D /* tesitngSUIApp */,
				A910392C2CEE2D0D00938B5D /* tesitngSUIAppTests */,
				A91039362CEE2D0D00938B5D /* tesitngSUIAppUITests */,
			);
		};
/* End PBXProject section */

/* Begin PBXResourcesBuildPhase section */
		A910391B2CEE2D0B00938B5D /* Resources */ = {
			isa = PBXResourcesBuildPhase;
			buildActionMask = 2147483647;
			files = (
			);
			runOnlyForDeploymentPostprocessing = 0;
		};
		A910392B2CEE2D0D00938B5D /* Resources */ = {
			isa = PBXResourcesBuildPhase;
			buildActionMask = 2147483647;
			files = (
			);
			runOnlyForDeploymentPostprocessing = 0;
		};
		A91039352CEE2D0D00938B5D /* Resources */ = {
			isa = PBXResourcesBuildPhase;
			buildActionMask = 2147483647;
			files = (
			);
			runOnlyForDeploymentPostprocessing = 0;
		};
/* End PBXResourcesBuildPhase section */

/* Begin PBXSourcesBuildPhase section */
		A91039192CEE2D0B00938B5D /* Sources */ = {
			isa = PBXSourcesBuildPhase;
			buildActionMask = 2147483647;
			files = (
			);
			runOnlyForDeploymentPostprocessing = 0;
		};
		A91039292CEE2D0D00938B5D /* Sources */ = {
			isa = PBXSourcesBuildPhase;
			buildActionMask = 2147483647;
			files = (
			);
			runOnlyForDeploymentPostprocessing = 0;
		};
		A91039332CEE2D0D00938B5D /* Sources */ = {
			isa = PBXSourcesBuildPhase;
			buildActionMask = 2147483647;
			files = (
			);
			runOnlyForDeploymentPostprocessing = 0;
		};
/* End PBXSourcesBuildPhase section */

/* Begin PBXTargetDependency section */
		A910392F2CEE2D0D00938B5D /* PBXTargetDependency */ = {
			isa = PBXTargetDependency;
			target = A910391C2CEE2D0B00938B5D /* tesitngSUIApp */;
			targetProxy = A910392E2CEE2D0D00938B5D /* PBXContainerItemProxy */;
		};
		A91039392CEE2D0D00938B5D /* PBXTargetDependency */ = {
			isa = PBXTargetDependency;
			target = A910391C2CEE2D0B00938B5D /* tesitngSUIApp */;
			targetProxy = A91039382CEE2D0D00938B5D /* PBXContainerItemProxy */;
		};
/* End PBXTargetDependency section */

/* Begin XCBuildConfiguration section */
		A910393F2CEE2D0D00938B5D /* Debug */ = {
			isa = XCBuildConfiguration;
			buildSettings = {
				ALWAYS_SEARCH_USER_PATHS = NO;
				ASSETCATALOG_COMPILER_GENERATE_SWIFT_ASSET_SYMBOL_EXTENSIONS = YES;
				CLANG_ANALYZER_NONNULL = YES;
				CLANG_ANALYZER_NUMBER_OBJECT_CONVERSION = YES_AGGRESSIVE;
				CLANG_CXX_LANGUAGE_STANDARD = "gnu++20";
				CLANG_ENABLE_MODULES = YES;
				CLANG_ENABLE_OBJC_ARC = YES;
				CLANG_ENABLE_OBJC_WEAK = YES;
				CLANG_WARN_BLOCK_CAPTURE_AUTORELEASING = YES;
				CLANG_WARN_BOOL_CONVERSION = YES;
				CLANG_WARN_COMMA = YES;
				CLANG_WARN_CONSTANT_CONVERSION = YES;
				CLANG_WARN_DEPRECATED_OBJC_IMPLEMENTATIONS = YES;
				CLANG_WARN_DIRECT_OBJC_ISA_USAGE = YES_ERROR;
				CLANG_WARN_DOCUMENTATION_COMMENTS = YES;
				CLANG_WARN_EMPTY_BODY = YES;
				CLANG_WARN_ENUM_CONVERSION = YES;
				CLANG_WARN_INFINITE_RECURSION = YES;
				CLANG_WARN_INT_CONVERSION = YES;
				CLANG_WARN_NON_LITERAL_NULL_CONVERSION = YES;
				CLANG_WARN_OBJC_IMPLICIT_RETAIN_SELF = YES;
				CLANG_WARN_OBJC_LITERAL_CONVERSION = YES;
				CLANG_WARN_OBJC_ROOT_CLASS = YES_ERROR;
				CLANG_WARN_QUOTED_INCLUDE_IN_FRAMEWORK_HEADER = YES;
				CLANG_WARN_RANGE_LOOP_ANALYSIS = YES;
				CLANG_WARN_STRICT_PROTOTYPES = YES;
				CLANG_WARN_SUSPICIOUS_MOVE = YES;
				CLANG_WARN_UNGUARDED_AVAILABILITY = YES_AGGRESSIVE;
				CLANG_WARN_UNREACHABLE_CODE = YES;
				CLANG_WARN__DUPLICATE_METHOD_MATCH = YES;
				COPY_PHASE_STRIP = NO;
				DEBUG_INFORMATION_FORMAT = dwarf;
				ENABLE_STRICT_OBJC_MSGSEND = YES;
				ENABLE_TESTABILITY = YES;
				ENABLE_USER_SCRIPT_SANDBOXING = YES;
				GCC_C_LANGUAGE_STANDARD = gnu17;
				GCC_DYNAMIC_NO_PIC = NO;
				GCC_NO_COMMON_BLOCKS = YES;
				GCC_OPTIMIZATION_LEVEL = 0;
				GCC_PREPROCESSOR_DEFINITIONS = (
					"DEBUG=1",
					"$(inherited)",
				);
				GCC_WARN_64_TO_32_BIT_CONVERSION = YES;
				GCC_WARN_ABOUT_RETURN_TYPE = YES_ERROR;
				GCC_WARN_UNDECLARED_SELECTOR = YES;
				GCC_WARN_UNINITIALIZED_AUTOS = YES_AGGRESSIVE;
				GCC_WARN_UNUSED_FUNCTION = YES;
				GCC_WARN_UNUSED_VARIABLE = YES;
				IPHONEOS_DEPLOYMENT_TARGET = 18.1;
				LOCALIZATION_PREFERS_STRING_CATALOGS = YES;
				MTL_ENABLE_DEBUG_INFO = INCLUDE_SOURCE;
				MTL_FAST_MATH = YES;
				ONLY_ACTIVE_ARCH = YES;
				SDKROOT = iphoneos;
				SWIFT_ACTIVE_COMPILATION_CONDITIONS = "DEBUG $(inherited)";
				SWIFT_OPTIMIZATION_LEVEL = "-Onone";
			};
			name = Debug;
		};
		A91039402CEE2D0D00938B5D /* Release */ = {
			isa = XCBuildConfiguration;
			buildSettings = {
				ALWAYS_SEARCH_USER_PATHS = NO;
				ASSETCATALOG_COMPILER_GENERATE_SWIFT_ASSET_SYMBOL_EXTENSIONS = YES;
				CLANG_ANALYZER_NONNULL = YES;
				CLANG_ANALYZER_NUMBER_OBJECT_CONVERSION = YES_AGGRESSIVE;
				CLANG_CXX_LANGUAGE_STANDARD = "gnu++20";
				CLANG_ENABLE_MODULES = YES;
				CLANG_ENABLE_OBJC_ARC = YES;
				CLANG_ENABLE_OBJC_WEAK = YES;
				CLANG_WARN_BLOCK_CAPTURE_AUTORELEASING = YES;
				CLANG_WARN_BOOL_CONVERSION = YES;
				CLANG_WARN_COMMA = YES;
				CLANG_WARN_CONSTANT_CONVERSION = YES;
				CLANG_WARN_DEPRECATED_OBJC_IMPLEMENTATIONS = YES;
				CLANG_WARN_DIRECT_OBJC_ISA_USAGE = YES_ERROR;
				CLANG_WARN_DOCUMENTATION_COMMENTS = YES;
				CLANG_WARN_EMPTY_BODY = YES;
				CLANG_WARN_ENUM_CONVERSION = YES;
				CLANG_WARN_INFINITE_RECURSION = YES;
				CLANG_WARN_INT_CONVERSION = YES;
				CLANG_WARN_NON_LITERAL_NULL_CONVERSION = YES;
				CLANG_WARN_OBJC_IMPLICIT_RETAIN_SELF = YES;
				CLANG_WARN_OBJC_LITERAL_CONVERSION = YES;
				CLANG_WARN_OBJC_ROOT_CLASS = YES_ERROR;
				CLANG_WARN_QUOTED_INCLUDE_IN_FRAMEWORK_HEADER = YES;
				CLANG_WARN_RANGE_LOOP_ANALYSIS = YES;
				CLANG_WARN_STRICT_PROTOTYPES = YES;
				CLANG_WARN_SUSPICIOUS_MOVE = YES;
				CLANG_WARN_UNGUARDED_AVAILABILITY = YES_AGGRESSIVE;
				CLANG_WARN_UNREACHABLE_CODE = YES;
				CLANG_WARN__DUPLICATE_METHOD_MATCH = YES;
				COPY_PHASE_STRIP = NO;
				DEBUG_INFORMATION_FORMAT = "dwarf-with-dsym";
				ENABLE_NS_ASSERTIONS = NO;
				ENABLE_STRICT_OBJC_MSGSEND = YES;
				ENABLE_USER_SCRIPT_SANDBOXING = YES;
				GCC_C_LANGUAGE_STANDARD = gnu17;
				GCC_NO_COMMON_BLOCKS = YES;
				GCC_WARN_64_TO_32_BIT_CONVERSION = YES;
				GCC_WARN_ABOUT_RETURN_TYPE = YES_ERROR;
				GCC_WARN_UNDECLARED_SELECTOR = YES;
				GCC_WARN_UNINITIALIZED_AUTOS = YES_AGGRESSIVE;
				GCC_WARN_UNUSED_FUNCTION = YES;
				GCC_WARN_UNUSED_VARIABLE = YES;
				IPHONEOS_DEPLOYMENT_TARGET = 18.1;
				LOCALIZATION_PREFERS_STRING_CATALOGS = YES;
				MTL_ENABLE_DEBUG_INFO = NO;
				MTL_FAST_MATH = YES;
				SDKROOT = iphoneos;
				SWIFT_COMPILATION_MODE = wholemodule;
				VALIDATE_PRODUCT = YES;
			};
			name = Release;
		};
		A91039422CEE2D0D00938B5D /* Debug */ = {
			isa = XCBuildConfiguration;
			buildSettings = {
				ASSETCATALOG_COMPILER_APPICON_NAME = AppIcon;
				ASSETCATALOG_COMPILER_GLOBAL_ACCENT_COLOR_NAME = AccentColor;
				CODE_SIGN_STYLE = Automatic;
				CURRENT_PROJECT_VERSION = 1;
				DEVELOPMENT_ASSET_PATHS = "\"tesitngSUIApp/Preview Content\"";
				ENABLE_PREVIEWS = YES;
				GENERATE_INFOPLIST_FILE = YES;
				INFOPLIST_KEY_UIApplicationSceneManifest_Generation = YES;
				INFOPLIST_KEY_UIApplicationSupportsIndirectInputEvents = YES;
				INFOPLIST_KEY_UILaunchScreen_Generation = YES;
				INFOPLIST_KEY_UISupportedInterfaceOrientations_iPad = "UIInterfaceOrientationPortrait UIInterfaceOrientationPortraitUpsideDown UIInterfaceOrientationLandscapeLeft UIInterfaceOrientationLandscapeRight";
				INFOPLIST_KEY_UISupportedInterfaceOrientations_iPhone = "UIInterfaceOrientationPortrait UIInterfaceOrientationLandscapeLeft UIInterfaceOrientationLandscapeRight";
				LD_RUNPATH_SEARCH_PATHS = (
					"$(inherited)",
					"@executable_path/Frameworks",
				);
				MARKETING_VERSION = 1.0;
				PRODUCT_BUNDLE_IDENTIFIER = test.tesitngSUIApp;
				PRODUCT_NAME = "$(TARGET_NAME)";
				SWIFT_EMIT_LOC_STRINGS = YES;
				SWIFT_VERSION = 5.0;
				TARGETED_DEVICE_FAMILY = "1,2";
			};
			name = Debug;
		};
		A91039432CEE2D0D00938B5D /* Release */ = {
			isa = XCBuildConfiguration;
			buildSettings = {
				ASSETCATALOG_COMPILER_APPICON_NAME = AppIcon;
				ASSETCATALOG_COMPILER_GLOBAL_ACCENT_COLOR_NAME = AccentColor;
				CODE_SIGN_STYLE = Automatic;
				CURRENT_PROJECT_VERSION = 1;
				DEVELOPMENT_ASSET_PATHS = "\"tesitngSUIApp/Preview Content\"";
				ENABLE_PREVIEWS = YES;
				GENERATE_INFOPLIST_FILE = YES;
				INFOPLIST_KEY_UIApplicationSceneManifest_Generation = YES;
				INFOPLIST_KEY_UIApplicationSupportsIndirectInputEvents = YES;
				INFOPLIST_KEY_UILaunchScreen_Generation = YES;
				INFOPLIST_KEY_UISupportedInterfaceOrientations_iPad = "UIInterfaceOrientationPortrait UIInterfaceOrientationPortraitUpsideDown UIInterfaceOrientationLandscapeLeft UIInterfaceOrientationLandscapeRight";
				INFOPLIST_KEY_UISupportedInterfaceOrientations_iPhone = "UIInterfaceOrientationPortrait UIInterfaceOrientationLandscapeLeft UIInterfaceOrientationLandscapeRight";
				LD_RUNPATH_SEARCH_PATHS = (
					"$(inherited)",
					"@executable_path/Frameworks",
				);
				MARKETING_VERSION = 1.0;
				PRODUCT_BUNDLE_IDENTIFIER = test.tesitngSUIApp;
				PRODUCT_NAME = "$(TARGET_NAME)";
				SWIFT_EMIT_LOC_STRINGS = YES;
				SWIFT_VERSION = 5.0;
				TARGETED_DEVICE_FAMILY = "1,2";
			};
			name = Release;
		};
		A91039452CEE2D0D00938B5D /* Debug */ = {
			isa = XCBuildConfiguration;
			buildSettings = {
				BUNDLE_LOADER = "$(TEST_HOST)";
				CODE_SIGN_STYLE = Automatic;
				CURRENT_PROJECT_VERSION = 1;
				GENERATE_INFOPLIST_FILE = YES;
				IPHONEOS_DEPLOYMENT_TARGET = 18.1;
				MARKETING_VERSION = 1.0;
				PRODUCT_BUNDLE_IDENTIFIER = test.tesitngSUIAppTests;
				PRODUCT_NAME = "$(TARGET_NAME)";
				SWIFT_EMIT_LOC_STRINGS = NO;
				SWIFT_VERSION = 5.0;
				TARGETED_DEVICE_FAMILY = "1,2";
				TEST_HOST = "$(BUILT_PRODUCTS_DIR)/tesitngSUIApp.app/$(BUNDLE_EXECUTABLE_FOLDER_PATH)/tesitngSUIApp";
			};
			name = Debug;
		};
		A91039462CEE2D0D00938B5D /* Release */ = {
			isa = XCBuildConfiguration;
			buildSettings = {
				BUNDLE_LOADER = "$(TEST_HOST)";
				CODE_SIGN_STYLE = Automatic;
				CURRENT_PROJECT_VERSION = 1;
				GENERATE_INFOPLIST_FILE = YES;
				IPHONEOS_DEPLOYMENT_TARGET = 18.1;
				MARKETING_VERSION = 1.0;
				PRODUCT_BUNDLE_IDENTIFIER = test.tesitngSUIAppTests;
				PRODUCT_NAME = "$(TARGET_NAME)";
				SWIFT_EMIT_LOC_STRINGS = NO;
				SWIFT_VERSION = 5.0;
				TARGETED_DEVICE_FAMILY = "1,2";
				TEST_HOST = "$(BUILT_PRODUCTS_DIR)/tesitngSUIApp.app/$(BUNDLE_EXECUTABLE_FOLDER_PATH)/tesitngSUIApp";
			};
			name = Release;
		};
		A91039482CEE2D0D00938B5D /* Debug */ = {
			isa = XCBuildConfiguration;
			buildSettings = {
				CODE_SIGN_STYLE = Automatic;
				CURRENT_PROJECT_VERSION = 1;
				GENERATE_INFOPLIST_FILE = YES;
				MARKETING_VERSION = 1.0;
				PRODUCT_BUNDLE_IDENTIFIER = test.tesitngSUIAppUITests;
				PRODUCT_NAME = "$(TARGET_NAME)";
				SWIFT_EMIT_LOC_STRINGS = NO;
				SWIFT_VERSION = 5.0;
				TARGETED_DEVICE_FAMILY = "1,2";
				TEST_TARGET_NAME = tesitngSUIApp;
			};
			name = Debug;
		};
		A91039492CEE2D0D00938B5D /* Release */ = {
			isa = XCBuildConfiguration;
			buildSettings = {
				CODE_SIGN_STYLE = Automatic;
				CURRENT_PROJECT_VERSION = 1;
				GENERATE_INFOPLIST_FILE = YES;
				MARKETING_VERSION = 1.0;
				PRODUCT_BUNDLE_IDENTIFIER = test.tesitngSUIAppUITests;
				PRODUCT_NAME = "$(TARGET_NAME)";
				SWIFT_EMIT_LOC_STRINGS = NO;
				SWIFT_VERSION = 5.0;
				TARGETED_DEVICE_FAMILY = "1,2";
				TEST_TARGET_NAME = tesitngSUIApp;
			};
			name = Release;
		};
/* End XCBuildConfiguration section */

/* Begin XCConfigurationList section */
		A91039182CEE2D0B00938B5D /* Build configuration list for PBXProject "tesitngSUIApp" */ = {
			isa = XCConfigurationList;
			buildConfigurations = (
				A910393F2CEE2D0D00938B5D /* Debug */,
				A91039402CEE2D0D00938B5D /* Release */,
			);
			defaultConfigurationIsVisible = 0;
			defaultConfigurationName = Release;
		};
		A91039412CEE2D0D00938B5D /* Build configuration list for PBXNativeTarget "tesitngSUIApp" */ = {
			isa = XCConfigurationList;
			buildConfigurations = (
				A91039422CEE2D0D00938B5D /* Debug */,
				A91039432CEE2D0D00938B5D /* Release */,
			);
			defaultConfigurationIsVisible = 0;
			defaultConfigurationName = Release;
		};
		A91039442CEE2D0D00938B5D /* Build configuration list for PBXNativeTarget "tesitngSUIAppTests" */ = {
			isa = XCConfigurationList;
			buildConfigurations = (
				A91039452CEE2D0D00938B5D /* Debug */,
				A91039462CEE2D0D00938B5D /* Release */,
			);
			defaultConfigurationIsVisible = 0;
			defaultConfigurationName = Release;
		};
		A91039472CEE2D0D00938B5D /* Build configuration list for PBXNativeTarget "tesitngSUIAppUITests" */ = {
			isa = XCConfigurationList;
			buildConfigurations = (
				A91039482CEE2D0D00938B5D /* Debug */,
				A91039492CEE2D0D00938B5D /* Release */,
			);
			defaultConfigurationIsVisible = 0;
			defaultConfigurationName = Release;
		};
/* End XCConfigurationList section */
	};
	rootObject = A91039152CEE2D0B00938B5D /* Project object */;
}
